// !$*UTF8*$!
{
	archiveVersion = 1;
	classes = {
	};
	objectVersion = 50;
	objects = {

/* Begin PBXBuildFile section */
		BF1236CF20D194EE0035A2A4 /* AppDelegate.swift in Sources */ = {isa = PBXBuildFile; fileRef = BF1236CE20D194EE0035A2A4 /* AppDelegate.swift */; };
		BF1236D420D194EE0035A2A4 /* Main.storyboard in Resources */ = {isa = PBXBuildFile; fileRef = BF1236D220D194EE0035A2A4 /* Main.storyboard */; };
		BF1236D720D194EE0035A2A4 /* ActivityList.xcdatamodeld in Sources */ = {isa = PBXBuildFile; fileRef = BF1236D520D194EE0035A2A4 /* ActivityList.xcdatamodeld */; };
		BF1236D920D194EF0035A2A4 /* Assets.xcassets in Resources */ = {isa = PBXBuildFile; fileRef = BF1236D820D194EF0035A2A4 /* Assets.xcassets */; };
		BF1236DC20D194EF0035A2A4 /* LaunchScreen.storyboard in Resources */ = {isa = PBXBuildFile; fileRef = BF1236DA20D194EF0035A2A4 /* LaunchScreen.storyboard */; };
		BF1236E720D194EF0035A2A4 /* ActivityListTests.swift in Sources */ = {isa = PBXBuildFile; fileRef = BF1236E620D194EF0035A2A4 /* ActivityListTests.swift */; };
		BF1236F220D194EF0035A2A4 /* ActivityListUITests.swift in Sources */ = {isa = PBXBuildFile; fileRef = BF1236F120D194EF0035A2A4 /* ActivityListUITests.swift */; };
		BF12370120D195700035A2A4 /* Alert.swift in Sources */ = {isa = PBXBuildFile; fileRef = BF12370020D195700035A2A4 /* Alert.swift */; };
		BF12370320D195730035A2A4 /* Caller.swift in Sources */ = {isa = PBXBuildFile; fileRef = BF12370220D195730035A2A4 /* Caller.swift */; };
		BF12370520D195770035A2A4 /* Data.swift in Sources */ = {isa = PBXBuildFile; fileRef = BF12370420D195770035A2A4 /* Data.swift */; };
		BF12370720D1957B0035A2A4 /* Event.swift in Sources */ = {isa = PBXBuildFile; fileRef = BF12370620D1957A0035A2A4 /* Event.swift */; };
		BF12370920D1957E0035A2A4 /* Venue.swift in Sources */ = {isa = PBXBuildFile; fileRef = BF12370820D1957E0035A2A4 /* Venue.swift */; };
		BF12370B20D195800035A2A4 /* Location.swift in Sources */ = {isa = PBXBuildFile; fileRef = BF12370A20D195800035A2A4 /* Location.swift */; };
		BF12370D20D195830035A2A4 /* Annotation.swift in Sources */ = {isa = PBXBuildFile; fileRef = BF12370C20D195830035A2A4 /* Annotation.swift */; };
		BF12370F20D195870035A2A4 /* GPSHelper.swift in Sources */ = {isa = PBXBuildFile; fileRef = BF12370E20D195870035A2A4 /* GPSHelper.swift */; };
		BF12371120D1958A0035A2A4 /* MapHelper.swift in Sources */ = {isa = PBXBuildFile; fileRef = BF12371020D1958A0035A2A4 /* MapHelper.swift */; };
		BF12371420D1959D0035A2A4 /* Notification+Extension.swift in Sources */ = {isa = PBXBuildFile; fileRef = BF12371320D1959D0035A2A4 /* Notification+Extension.swift */; };
		BF12371F20D1963C0035A2A4 /* MainViewController.swift in Sources */ = {isa = PBXBuildFile; fileRef = BF12371B20D1963B0035A2A4 /* MainViewController.swift */; };
		BF12372020D1963C0035A2A4 /* DetailViewController.swift in Sources */ = {isa = PBXBuildFile; fileRef = BF12371C20D1963B0035A2A4 /* DetailViewController.swift */; };
		BF12372120D1963C0035A2A4 /* FilterViewController.swift in Sources */ = {isa = PBXBuildFile; fileRef = BF12371D20D1963B0035A2A4 /* FilterViewController.swift */; };
		BF12372220D1963C0035A2A4 /* MainTableViewDelegate.swift in Sources */ = {isa = PBXBuildFile; fileRef = BF12371E20D1963B0035A2A4 /* MainTableViewDelegate.swift */; };
		BF12372520D197AB0035A2A4 /* TableViewCell.swift in Sources */ = {isa = PBXBuildFile; fileRef = BF12372420D197AB0035A2A4 /* TableViewCell.swift */; };
		BF12372720D197B50035A2A4 /* FilterTableViewCell.swift in Sources */ = {isa = PBXBuildFile; fileRef = BF12372620D197B50035A2A4 /* FilterTableViewCell.swift */; };
		BF12372920D197F20035A2A4 /* Detail.storyboard in Resources */ = {isa = PBXBuildFile; fileRef = BF12372820D197F20035A2A4 /* Detail.storyboard */; };
		BF3C192520D1A2CC007BB3F4 /* Color+Extension.swift in Sources */ = {isa = PBXBuildFile; fileRef = BF3C192420D1A2CC007BB3F4 /* Color+Extension.swift */; };
/* End PBXBuildFile section */

/* Begin PBXContainerItemProxy section */
		BF1236E320D194EF0035A2A4 /* PBXContainerItemProxy */ = {
			isa = PBXContainerItemProxy;
			containerPortal = BF1236C320D194EE0035A2A4 /* Project object */;
			proxyType = 1;
			remoteGlobalIDString = BF1236CA20D194EE0035A2A4;
			remoteInfo = ActivityList;
		};
		BF1236EE20D194EF0035A2A4 /* PBXContainerItemProxy */ = {
			isa = PBXContainerItemProxy;
			containerPortal = BF1236C320D194EE0035A2A4 /* Project object */;
			proxyType = 1;
			remoteGlobalIDString = BF1236CA20D194EE0035A2A4;
			remoteInfo = ActivityList;
		};
/* End PBXContainerItemProxy section */

/* Begin PBXFileReference section */
		BF1236CB20D194EE0035A2A4 /* ActivityList.app */ = {isa = PBXFileReference; explicitFileType = wrapper.application; includeInIndex = 0; path = ActivityList.app; sourceTree = BUILT_PRODUCTS_DIR; };
		BF1236CE20D194EE0035A2A4 /* AppDelegate.swift */ = {isa = PBXFileReference; lastKnownFileType = sourcecode.swift; path = AppDelegate.swift; sourceTree = "<group>"; };
		BF1236D320D194EE0035A2A4 /* Base */ = {isa = PBXFileReference; lastKnownFileType = file.storyboard; name = Base; path = Base.lproj/Main.storyboard; sourceTree = "<group>"; };
		BF1236D620D194EE0035A2A4 /* ActivityList.xcdatamodel */ = {isa = PBXFileReference; lastKnownFileType = wrapper.xcdatamodel; path = ActivityList.xcdatamodel; sourceTree = "<group>"; };
		BF1236D820D194EF0035A2A4 /* Assets.xcassets */ = {isa = PBXFileReference; lastKnownFileType = folder.assetcatalog; path = Assets.xcassets; sourceTree = "<group>"; };
		BF1236DB20D194EF0035A2A4 /* Base */ = {isa = PBXFileReference; lastKnownFileType = file.storyboard; name = Base; path = Base.lproj/LaunchScreen.storyboard; sourceTree = "<group>"; };
		BF1236DD20D194EF0035A2A4 /* Info.plist */ = {isa = PBXFileReference; lastKnownFileType = text.plist.xml; path = Info.plist; sourceTree = "<group>"; };
		BF1236E220D194EF0035A2A4 /* ActivityListTests.xctest */ = {isa = PBXFileReference; explicitFileType = wrapper.cfbundle; includeInIndex = 0; path = ActivityListTests.xctest; sourceTree = BUILT_PRODUCTS_DIR; };
		BF1236E620D194EF0035A2A4 /* ActivityListTests.swift */ = {isa = PBXFileReference; lastKnownFileType = sourcecode.swift; path = ActivityListTests.swift; sourceTree = "<group>"; };
		BF1236E820D194EF0035A2A4 /* Info.plist */ = {isa = PBXFileReference; lastKnownFileType = text.plist.xml; path = Info.plist; sourceTree = "<group>"; };
		BF1236ED20D194EF0035A2A4 /* ActivityListUITests.xctest */ = {isa = PBXFileReference; explicitFileType = wrapper.cfbundle; includeInIndex = 0; path = ActivityListUITests.xctest; sourceTree = BUILT_PRODUCTS_DIR; };
		BF1236F120D194EF0035A2A4 /* ActivityListUITests.swift */ = {isa = PBXFileReference; lastKnownFileType = sourcecode.swift; path = ActivityListUITests.swift; sourceTree = "<group>"; };
		BF1236F320D194EF0035A2A4 /* Info.plist */ = {isa = PBXFileReference; lastKnownFileType = text.plist.xml; path = Info.plist; sourceTree = "<group>"; };
		BF12370020D195700035A2A4 /* Alert.swift */ = {isa = PBXFileReference; lastKnownFileType = sourcecode.swift; path = Alert.swift; sourceTree = "<group>"; };
		BF12370220D195730035A2A4 /* Caller.swift */ = {isa = PBXFileReference; lastKnownFileType = sourcecode.swift; path = Caller.swift; sourceTree = "<group>"; };
		BF12370420D195770035A2A4 /* Data.swift */ = {isa = PBXFileReference; lastKnownFileType = sourcecode.swift; path = Data.swift; sourceTree = "<group>"; };
		BF12370620D1957A0035A2A4 /* Event.swift */ = {isa = PBXFileReference; lastKnownFileType = sourcecode.swift; path = Event.swift; sourceTree = "<group>"; };
		BF12370820D1957E0035A2A4 /* Venue.swift */ = {isa = PBXFileReference; lastKnownFileType = sourcecode.swift; path = Venue.swift; sourceTree = "<group>"; };
		BF12370A20D195800035A2A4 /* Location.swift */ = {isa = PBXFileReference; lastKnownFileType = sourcecode.swift; path = Location.swift; sourceTree = "<group>"; };
		BF12370C20D195830035A2A4 /* Annotation.swift */ = {isa = PBXFileReference; lastKnownFileType = sourcecode.swift; path = Annotation.swift; sourceTree = "<group>"; };
		BF12370E20D195870035A2A4 /* GPSHelper.swift */ = {isa = PBXFileReference; lastKnownFileType = sourcecode.swift; path = GPSHelper.swift; sourceTree = "<group>"; };
		BF12371020D1958A0035A2A4 /* MapHelper.swift */ = {isa = PBXFileReference; lastKnownFileType = sourcecode.swift; path = MapHelper.swift; sourceTree = "<group>"; };
		BF12371320D1959D0035A2A4 /* Notification+Extension.swift */ = {isa = PBXFileReference; lastKnownFileType = sourcecode.swift; path = "Notification+Extension.swift"; sourceTree = "<group>"; };
		BF12371B20D1963B0035A2A4 /* MainViewController.swift */ = {isa = PBXFileReference; lastKnownFileType = sourcecode.swift; path = MainViewController.swift; sourceTree = "<group>"; };
		BF12371C20D1963B0035A2A4 /* DetailViewController.swift */ = {isa = PBXFileReference; lastKnownFileType = sourcecode.swift; path = DetailViewController.swift; sourceTree = "<group>"; };
		BF12371D20D1963B0035A2A4 /* FilterViewController.swift */ = {isa = PBXFileReference; lastKnownFileType = sourcecode.swift; path = FilterViewController.swift; sourceTree = "<group>"; };
		BF12371E20D1963B0035A2A4 /* MainTableViewDelegate.swift */ = {isa = PBXFileReference; lastKnownFileType = sourcecode.swift; path = MainTableViewDelegate.swift; sourceTree = "<group>"; };
		BF12372420D197AB0035A2A4 /* TableViewCell.swift */ = {isa = PBXFileReference; lastKnownFileType = sourcecode.swift; path = TableViewCell.swift; sourceTree = "<group>"; };
		BF12372620D197B50035A2A4 /* FilterTableViewCell.swift */ = {isa = PBXFileReference; lastKnownFileType = sourcecode.swift; path = FilterTableViewCell.swift; sourceTree = "<group>"; };
		BF12372820D197F20035A2A4 /* Detail.storyboard */ = {isa = PBXFileReference; lastKnownFileType = file.storyboard; path = Detail.storyboard; sourceTree = "<group>"; };
		BF3C192420D1A2CC007BB3F4 /* Color+Extension.swift */ = {isa = PBXFileReference; lastKnownFileType = sourcecode.swift; path = "Color+Extension.swift"; sourceTree = "<group>"; };
/* End PBXFileReference section */

/* Begin PBXFrameworksBuildPhase section */
		BF1236C820D194EE0035A2A4 /* Frameworks */ = {
			isa = PBXFrameworksBuildPhase;
			buildActionMask = 2147483647;
			files = (
			);
			runOnlyForDeploymentPostprocessing = 0;
		};
		BF1236DF20D194EF0035A2A4 /* Frameworks */ = {
			isa = PBXFrameworksBuildPhase;
			buildActionMask = 2147483647;
			files = (
			);
			runOnlyForDeploymentPostprocessing = 0;
		};
		BF1236EA20D194EF0035A2A4 /* Frameworks */ = {
			isa = PBXFrameworksBuildPhase;
			buildActionMask = 2147483647;
			files = (
			);
			runOnlyForDeploymentPostprocessing = 0;
		};
/* End PBXFrameworksBuildPhase section */

/* Begin PBXGroup section */
		BF1236C220D194EE0035A2A4 = {
			isa = PBXGroup;
			children = (
				BF1236CD20D194EE0035A2A4 /* ActivityList */,
				BF1236E520D194EF0035A2A4 /* ActivityListTests */,
				BF1236F020D194EF0035A2A4 /* ActivityListUITests */,
				BF1236CC20D194EE0035A2A4 /* Products */,
			);
			sourceTree = "<group>";
		};
		BF1236CC20D194EE0035A2A4 /* Products */ = {
			isa = PBXGroup;
			children = (
				BF1236CB20D194EE0035A2A4 /* ActivityList.app */,
				BF1236E220D194EF0035A2A4 /* ActivityListTests.xctest */,
				BF1236ED20D194EF0035A2A4 /* ActivityListUITests.xctest */,
			);
			name = Products;
			sourceTree = "<group>";
		};
		BF1236CD20D194EE0035A2A4 /* ActivityList */ = {
			isa = PBXGroup;
			children = (
				BF1236CE20D194EE0035A2A4 /* AppDelegate.swift */,
				BF12371220D195940035A2A4 /* Model */,
				BF12371520D195AB0035A2A4 /* Extension */,
				BF12371820D196200035A2A4 /* View */,
				BF12372320D196400035A2A4 /* Controller */,
				BF1236D820D194EF0035A2A4 /* Assets.xcassets */,
				BF1236DD20D194EF0035A2A4 /* Info.plist */,
			);
			path = ActivityList;
			sourceTree = "<group>";
		};
		BF1236E520D194EF0035A2A4 /* ActivityListTests */ = {
			isa = PBXGroup;
			children = (
				BF1236E620D194EF0035A2A4 /* ActivityListTests.swift */,
				BF1236E820D194EF0035A2A4 /* Info.plist */,
			);
			path = ActivityListTests;
			sourceTree = "<group>";
		};
		BF1236F020D194EF0035A2A4 /* ActivityListUITests */ = {
			isa = PBXGroup;
			children = (
				BF1236F120D194EF0035A2A4 /* ActivityListUITests.swift */,
				BF1236F320D194EF0035A2A4 /* Info.plist */,
			);
			path = ActivityListUITests;
			sourceTree = "<group>";
		};
		BF12371220D195940035A2A4 /* Model */ = {
			isa = PBXGroup;
			children = (
				BF1236D520D194EE0035A2A4 /* ActivityList.xcdatamodeld */,
				BF12370020D195700035A2A4 /* Alert.swift */,
				BF12370220D195730035A2A4 /* Caller.swift */,
				BF12370420D195770035A2A4 /* Data.swift */,
				BF12370620D1957A0035A2A4 /* Event.swift */,
				BF12370820D1957E0035A2A4 /* Venue.swift */,
				BF12370A20D195800035A2A4 /* Location.swift */,
				BF12370C20D195830035A2A4 /* Annotation.swift */,
				BF12370E20D195870035A2A4 /* GPSHelper.swift */,
				BF12371020D1958A0035A2A4 /* MapHelper.swift */,
			);
			path = Model;
			sourceTree = "<group>";
		};
		BF12371520D195AB0035A2A4 /* Extension */ = {
			isa = PBXGroup;
			children = (
				BF12371320D1959D0035A2A4 /* Notification+Extension.swift */,
				BF3C192420D1A2CC007BB3F4 /* Color+Extension.swift */,
			);
			path = Extension;
			sourceTree = "<group>";
		};
		BF12371820D196200035A2A4 /* View */ = {
			isa = PBXGroup;
			children = (
				BF1236D220D194EE0035A2A4 /* Main.storyboard */,
				BF12372820D197F20035A2A4 /* Detail.storyboard */,
				BF1236DA20D194EF0035A2A4 /* LaunchScreen.storyboard */,
				BF12372420D197AB0035A2A4 /* TableViewCell.swift */,
				BF12372620D197B50035A2A4 /* FilterTableViewCell.swift */,
			);
			path = View;
			sourceTree = "<group>";
		};
		BF12372320D196400035A2A4 /* Controller */ = {
			isa = PBXGroup;
			children = (
				BF12371C20D1963B0035A2A4 /* DetailViewController.swift */,
				BF12371D20D1963B0035A2A4 /* FilterViewController.swift */,
				BF12371E20D1963B0035A2A4 /* MainTableViewDelegate.swift */,
				BF12371B20D1963B0035A2A4 /* MainViewController.swift */,
			);
			path = Controller;
			sourceTree = "<group>";
		};
/* End PBXGroup section */

/* Begin PBXNativeTarget section */
		BF1236CA20D194EE0035A2A4 /* ActivityList */ = {
			isa = PBXNativeTarget;
			buildConfigurationList = BF1236F620D194EF0035A2A4 /* Build configuration list for PBXNativeTarget "ActivityList" */;
			buildPhases = (
				BF1236C720D194EE0035A2A4 /* Sources */,
				BF1236C820D194EE0035A2A4 /* Frameworks */,
				BF1236C920D194EE0035A2A4 /* Resources */,
			);
			buildRules = (
			);
			dependencies = (
			);
			name = ActivityList;
			productName = ActivityList;
			productReference = BF1236CB20D194EE0035A2A4 /* ActivityList.app */;
			productType = "com.apple.product-type.application";
		};
		BF1236E120D194EF0035A2A4 /* ActivityListTests */ = {
			isa = PBXNativeTarget;
			buildConfigurationList = BF1236F920D194EF0035A2A4 /* Build configuration list for PBXNativeTarget "ActivityListTests" */;
			buildPhases = (
				BF1236DE20D194EF0035A2A4 /* Sources */,
				BF1236DF20D194EF0035A2A4 /* Frameworks */,
				BF1236E020D194EF0035A2A4 /* Resources */,
			);
			buildRules = (
			);
			dependencies = (
				BF1236E420D194EF0035A2A4 /* PBXTargetDependency */,
			);
			name = ActivityListTests;
			productName = ActivityListTests;
			productReference = BF1236E220D194EF0035A2A4 /* ActivityListTests.xctest */;
			productType = "com.apple.product-type.bundle.unit-test";
		};
		BF1236EC20D194EF0035A2A4 /* ActivityListUITests */ = {
			isa = PBXNativeTarget;
			buildConfigurationList = BF1236FC20D194EF0035A2A4 /* Build configuration list for PBXNativeTarget "ActivityListUITests" */;
			buildPhases = (
				BF1236E920D194EF0035A2A4 /* Sources */,
				BF1236EA20D194EF0035A2A4 /* Frameworks */,
				BF1236EB20D194EF0035A2A4 /* Resources */,
			);
			buildRules = (
			);
			dependencies = (
				BF1236EF20D194EF0035A2A4 /* PBXTargetDependency */,
			);
			name = ActivityListUITests;
			productName = ActivityListUITests;
			productReference = BF1236ED20D194EF0035A2A4 /* ActivityListUITests.xctest */;
			productType = "com.apple.product-type.bundle.ui-testing";
		};
/* End PBXNativeTarget section */

/* Begin PBXProject section */
		BF1236C320D194EE0035A2A4 /* Project object */ = {
			isa = PBXProject;
			attributes = {
				LastSwiftUpdateCheck = 0940;
				LastUpgradeCheck = 0940;
				ORGANIZATIONNAME = "Jeff  Hyde";
				TargetAttributes = {
					BF1236CA20D194EE0035A2A4 = {
						CreatedOnToolsVersion = 9.4;
					};
					BF1236E120D194EF0035A2A4 = {
						CreatedOnToolsVersion = 9.4;
						TestTargetID = BF1236CA20D194EE0035A2A4;
					};
					BF1236EC20D194EF0035A2A4 = {
						CreatedOnToolsVersion = 9.4;
						TestTargetID = BF1236CA20D194EE0035A2A4;
					};
				};
			};
			buildConfigurationList = BF1236C620D194EE0035A2A4 /* Build configuration list for PBXProject "ActivityList" */;
			compatibilityVersion = "Xcode 9.3";
			developmentRegion = en;
			hasScannedForEncodings = 0;
			knownRegions = (
				en,
				Base,
			);
			mainGroup = BF1236C220D194EE0035A2A4;
			productRefGroup = BF1236CC20D194EE0035A2A4 /* Products */;
			projectDirPath = "";
			projectRoot = "";
			targets = (
				BF1236CA20D194EE0035A2A4 /* ActivityList */,
				BF1236E120D194EF0035A2A4 /* ActivityListTests */,
				BF1236EC20D194EF0035A2A4 /* ActivityListUITests */,
			);
		};
/* End PBXProject section */

/* Begin PBXResourcesBuildPhase section */
		BF1236C920D194EE0035A2A4 /* Resources */ = {
			isa = PBXResourcesBuildPhase;
			buildActionMask = 2147483647;
			files = (
				BF1236DC20D194EF0035A2A4 /* LaunchScreen.storyboard in Resources */,
				BF1236D920D194EF0035A2A4 /* Assets.xcassets in Resources */,
				BF1236D420D194EE0035A2A4 /* Main.storyboard in Resources */,
				BF12372920D197F20035A2A4 /* Detail.storyboard in Resources */,
			);
			runOnlyForDeploymentPostprocessing = 0;
		};
		BF1236E020D194EF0035A2A4 /* Resources */ = {
			isa = PBXResourcesBuildPhase;
			buildActionMask = 2147483647;
			files = (
			);
			runOnlyForDeploymentPostprocessing = 0;
		};
		BF1236EB20D194EF0035A2A4 /* Resources */ = {
			isa = PBXResourcesBuildPhase;
			buildActionMask = 2147483647;
			files = (
			);
			runOnlyForDeploymentPostprocessing = 0;
		};
/* End PBXResourcesBuildPhase section */

/* Begin PBXSourcesBuildPhase section */
		BF1236C720D194EE0035A2A4 /* Sources */ = {
			isa = PBXSourcesBuildPhase;
			buildActionMask = 2147483647;
			files = (
				BF1236D720D194EE0035A2A4 /* ActivityList.xcdatamodeld in Sources */,
				BF12370920D1957E0035A2A4 /* Venue.swift in Sources */,
				BF12370520D195770035A2A4 /* Data.swift in Sources */,
				BF12372520D197AB0035A2A4 /* TableViewCell.swift in Sources */,
				BF12370B20D195800035A2A4 /* Location.swift in Sources */,
				BF12370120D195700035A2A4 /* Alert.swift in Sources */,
				BF12372720D197B50035A2A4 /* FilterTableViewCell.swift in Sources */,
				BF12370D20D195830035A2A4 /* Annotation.swift in Sources */,
				BF12371F20D1963C0035A2A4 /* MainViewController.swift in Sources */,
				BF12370F20D195870035A2A4 /* GPSHelper.swift in Sources */,
				BF3C192520D1A2CC007BB3F4 /* Color+Extension.swift in Sources */,
				BF12371120D1958A0035A2A4 /* MapHelper.swift in Sources */,
				BF12372120D1963C0035A2A4 /* FilterViewController.swift in Sources */,
				BF12371420D1959D0035A2A4 /* Notification+Extension.swift in Sources */,
				BF12372220D1963C0035A2A4 /* MainTableViewDelegate.swift in Sources */,
				BF12370320D195730035A2A4 /* Caller.swift in Sources */,
				BF12372020D1963C0035A2A4 /* DetailViewController.swift in Sources */,
				BF12370720D1957B0035A2A4 /* Event.swift in Sources */,
				BF1236CF20D194EE0035A2A4 /* AppDelegate.swift in Sources */,
			);
			runOnlyForDeploymentPostprocessing = 0;
		};
		BF1236DE20D194EF0035A2A4 /* Sources */ = {
			isa = PBXSourcesBuildPhase;
			buildActionMask = 2147483647;
			files = (
				BF1236E720D194EF0035A2A4 /* ActivityListTests.swift in Sources */,
			);
			runOnlyForDeploymentPostprocessing = 0;
		};
		BF1236E920D194EF0035A2A4 /* Sources */ = {
			isa = PBXSourcesBuildPhase;
			buildActionMask = 2147483647;
			files = (
				BF1236F220D194EF0035A2A4 /* ActivityListUITests.swift in Sources */,
			);
			runOnlyForDeploymentPostprocessing = 0;
		};
/* End PBXSourcesBuildPhase section */

/* Begin PBXTargetDependency section */
		BF1236E420D194EF0035A2A4 /* PBXTargetDependency */ = {
			isa = PBXTargetDependency;
			target = BF1236CA20D194EE0035A2A4 /* ActivityList */;
			targetProxy = BF1236E320D194EF0035A2A4 /* PBXContainerItemProxy */;
		};
		BF1236EF20D194EF0035A2A4 /* PBXTargetDependency */ = {
			isa = PBXTargetDependency;
			target = BF1236CA20D194EE0035A2A4 /* ActivityList */;
			targetProxy = BF1236EE20D194EF0035A2A4 /* PBXContainerItemProxy */;
		};
/* End PBXTargetDependency section */

/* Begin PBXVariantGroup section */
		BF1236D220D194EE0035A2A4 /* Main.storyboard */ = {
			isa = PBXVariantGroup;
			children = (
				BF1236D320D194EE0035A2A4 /* Base */,
			);
			name = Main.storyboard;
			sourceTree = "<group>";
		};
		BF1236DA20D194EF0035A2A4 /* LaunchScreen.storyboard */ = {
			isa = PBXVariantGroup;
			children = (
				BF1236DB20D194EF0035A2A4 /* Base */,
			);
			name = LaunchScreen.storyboard;
			sourceTree = "<group>";
		};
/* End PBXVariantGroup section */

/* Begin XCBuildConfiguration section */
		BF1236F420D194EF0035A2A4 /* Debug */ = {
			isa = XCBuildConfiguration;
			buildSettings = {
				ALWAYS_SEARCH_USER_PATHS = NO;
				CLANG_ANALYZER_NONNULL = YES;
				CLANG_ANALYZER_NUMBER_OBJECT_CONVERSION = YES_AGGRESSIVE;
				CLANG_CXX_LANGUAGE_STANDARD = "gnu++14";
				CLANG_CXX_LIBRARY = "libc++";
				CLANG_ENABLE_MODULES = YES;
				CLANG_ENABLE_OBJC_ARC = YES;
				CLANG_ENABLE_OBJC_WEAK = YES;
				CLANG_WARN_BLOCK_CAPTURE_AUTORELEASING = YES;
				CLANG_WARN_BOOL_CONVERSION = YES;
				CLANG_WARN_COMMA = YES;
				CLANG_WARN_CONSTANT_CONVERSION = YES;
				CLANG_WARN_DEPRECATED_OBJC_IMPLEMENTATIONS = YES;
				CLANG_WARN_DIRECT_OBJC_ISA_USAGE = YES_ERROR;
				CLANG_WARN_DOCUMENTATION_COMMENTS = YES;
				CLANG_WARN_EMPTY_BODY = YES;
				CLANG_WARN_ENUM_CONVERSION = YES;
				CLANG_WARN_INFINITE_RECURSION = YES;
				CLANG_WARN_INT_CONVERSION = YES;
				CLANG_WARN_NON_LITERAL_NULL_CONVERSION = YES;
				CLANG_WARN_OBJC_IMPLICIT_RETAIN_SELF = YES;
				CLANG_WARN_OBJC_LITERAL_CONVERSION = YES;
				CLANG_WARN_OBJC_ROOT_CLASS = YES_ERROR;
				CLANG_WARN_RANGE_LOOP_ANALYSIS = YES;
				CLANG_WARN_STRICT_PROTOTYPES = YES;
				CLANG_WARN_SUSPICIOUS_MOVE = YES;
				CLANG_WARN_UNGUARDED_AVAILABILITY = YES_AGGRESSIVE;
				CLANG_WARN_UNREACHABLE_CODE = YES;
				CLANG_WARN__DUPLICATE_METHOD_MATCH = YES;
				CODE_SIGN_IDENTITY = "iPhone Developer";
				COPY_PHASE_STRIP = NO;
				DEBUG_INFORMATION_FORMAT = dwarf;
				ENABLE_STRICT_OBJC_MSGSEND = YES;
				ENABLE_TESTABILITY = YES;
				GCC_C_LANGUAGE_STANDARD = gnu11;
				GCC_DYNAMIC_NO_PIC = NO;
				GCC_NO_COMMON_BLOCKS = YES;
				GCC_OPTIMIZATION_LEVEL = 0;
				GCC_PREPROCESSOR_DEFINITIONS = (
					"DEBUG=1",
					"$(inherited)",
				);
				GCC_WARN_64_TO_32_BIT_CONVERSION = YES;
				GCC_WARN_ABOUT_RETURN_TYPE = YES_ERROR;
				GCC_WARN_UNDECLARED_SELECTOR = YES;
				GCC_WARN_UNINITIALIZED_AUTOS = YES_AGGRESSIVE;
				GCC_WARN_UNUSED_FUNCTION = YES;
				GCC_WARN_UNUSED_VARIABLE = YES;
				IPHONEOS_DEPLOYMENT_TARGET = 11.4;
				MTL_ENABLE_DEBUG_INFO = YES;
				ONLY_ACTIVE_ARCH = YES;
				SDKROOT = iphoneos;
				SWIFT_ACTIVE_COMPILATION_CONDITIONS = DEBUG;
				SWIFT_OPTIMIZATION_LEVEL = "-Onone";
			};
			name = Debug;
		};
		BF1236F520D194EF0035A2A4 /* Release */ = {
			isa = XCBuildConfiguration;
			buildSettings = {
				ALWAYS_SEARCH_USER_PATHS = NO;
				CLANG_ANALYZER_NONNULL = YES;
				CLANG_ANALYZER_NUMBER_OBJECT_CONVERSION = YES_AGGRESSIVE;
				CLANG_CXX_LANGUAGE_STANDARD = "gnu++14";
				CLANG_CXX_LIBRARY = "libc++";
				CLANG_ENABLE_MODULES = YES;
				CLANG_ENABLE_OBJC_ARC = YES;
				CLANG_ENABLE_OBJC_WEAK = YES;
				CLANG_WARN_BLOCK_CAPTURE_AUTORELEASING = YES;
				CLANG_WARN_BOOL_CONVERSION = YES;
				CLANG_WARN_COMMA = YES;
				CLANG_WARN_CONSTANT_CONVERSION = YES;
				CLANG_WARN_DEPRECATED_OBJC_IMPLEMENTATIONS = YES;
				CLANG_WARN_DIRECT_OBJC_ISA_USAGE = YES_ERROR;
				CLANG_WARN_DOCUMENTATION_COMMENTS = YES;
				CLANG_WARN_EMPTY_BODY = YES;
				CLANG_WARN_ENUM_CONVERSION = YES;
				CLANG_WARN_INFINITE_RECURSION = YES;
				CLANG_WARN_INT_CONVERSION = YES;
				CLANG_WARN_NON_LITERAL_NULL_CONVERSION = YES;
				CLANG_WARN_OBJC_IMPLICIT_RETAIN_SELF = YES;
				CLANG_WARN_OBJC_LITERAL_CONVERSION = YES;
				CLANG_WARN_OBJC_ROOT_CLASS = YES_ERROR;
				CLANG_WARN_RANGE_LOOP_ANALYSIS = YES;
				CLANG_WARN_STRICT_PROTOTYPES = YES;
				CLANG_WARN_SUSPICIOUS_MOVE = YES;
				CLANG_WARN_UNGUARDED_AVAILABILITY = YES_AGGRESSIVE;
				CLANG_WARN_UNREACHABLE_CODE = YES;
				CLANG_WARN__DUPLICATE_METHOD_MATCH = YES;
				CODE_SIGN_IDENTITY = "iPhone Developer";
				COPY_PHASE_STRIP = NO;
				DEBUG_INFORMATION_FORMAT = "dwarf-with-dsym";
				ENABLE_NS_ASSERTIONS = NO;
				ENABLE_STRICT_OBJC_MSGSEND = YES;
				GCC_C_LANGUAGE_STANDARD = gnu11;
				GCC_NO_COMMON_BLOCKS = YES;
				GCC_WARN_64_TO_32_BIT_CONVERSION = YES;
				GCC_WARN_ABOUT_RETURN_TYPE = YES_ERROR;
				GCC_WARN_UNDECLARED_SELECTOR = YES;
				GCC_WARN_UNINITIALIZED_AUTOS = YES_AGGRESSIVE;
				GCC_WARN_UNUSED_FUNCTION = YES;
				GCC_WARN_UNUSED_VARIABLE = YES;
				IPHONEOS_DEPLOYMENT_TARGET = 11.4;
				MTL_ENABLE_DEBUG_INFO = NO;
				SDKROOT = iphoneos;
				SWIFT_COMPILATION_MODE = wholemodule;
				SWIFT_OPTIMIZATION_LEVEL = "-O";
				VALIDATE_PRODUCT = YES;
			};
			name = Release;
		};
		BF1236F720D194EF0035A2A4 /* Debug */ = {
			isa = XCBuildConfiguration;
			buildSettings = {
				ASSETCATALOG_COMPILER_APPICON_NAME = AppIcon;
				CODE_SIGN_STYLE = Automatic;
				DEVELOPMENT_TEAM = RUHKZ8393A;
				INFOPLIST_FILE = ActivityList/Info.plist;
				LD_RUNPATH_SEARCH_PATHS = (
					"$(inherited)",
					"@executable_path/Frameworks",
				);
				PRODUCT_BUNDLE_IDENTIFIER = hydesapps.ActivityList;
				PRODUCT_NAME = "$(TARGET_NAME)";
				SWIFT_VERSION = 4.0;
				TARGETED_DEVICE_FAMILY = "1,2";
			};
			name = Debug;
		};
		BF1236F820D194EF0035A2A4 /* Release */ = {
			isa = XCBuildConfiguration;
			buildSettings = {
				ASSETCATALOG_COMPILER_APPICON_NAME = AppIcon;
				CODE_SIGN_STYLE = Automatic;
				DEVELOPMENT_TEAM = RUHKZ8393A;
				INFOPLIST_FILE = ActivityList/Info.plist;
				LD_RUNPATH_SEARCH_PATHS = (
					"$(inherited)",
					"@executable_path/Frameworks",
				);
				PRODUCT_BUNDLE_IDENTIFIER = hydesapps.ActivityList;
				PRODUCT_NAME = "$(TARGET_NAME)";
				SWIFT_VERSION = 4.0;
				TARGETED_DEVICE_FAMILY = "1,2";
			};
			name = Release;
		};
		BF1236FA20D194EF0035A2A4 /* Debug */ = {
			isa = XCBuildConfiguration;
			buildSettings = {
				ALWAYS_EMBED_SWIFT_STANDARD_LIBRARIES = YES;
				BUNDLE_LOADER = "$(TEST_HOST)";
				CODE_SIGN_STYLE = Automatic;
				DEVELOPMENT_TEAM = RUHKZ8393A;
				INFOPLIST_FILE = ActivityListTests/Info.plist;
				LD_RUNPATH_SEARCH_PATHS = (
					"$(inherited)",
					"@executable_path/Frameworks",
					"@loader_path/Frameworks",
				);
				PRODUCT_BUNDLE_IDENTIFIER = hydesapps.ActivityListTests;
				PRODUCT_NAME = "$(TARGET_NAME)";
				SWIFT_VERSION = 4.0;
				TARGETED_DEVICE_FAMILY = "1,2";
				TEST_HOST = "$(BUILT_PRODUCTS_DIR)/ActivityList.app/ActivityList";
			};
			name = Debug;
		};
		BF1236FB20D194EF0035A2A4 /* Release */ = {
			isa = XCBuildConfiguration;
			buildSettings = {
				ALWAYS_EMBED_SWIFT_STANDARD_LIBRARIES = YES;
				BUNDLE_LOADER = "$(TEST_HOST)";
				CODE_SIGN_STYLE = Automatic;
				DEVELOPMENT_TEAM = RUHKZ8393A;
				INFOPLIST_FILE = ActivityListTests/Info.plist;
				LD_RUNPATH_SEARCH_PATHS = (
					"$(inherited)",
					"@executable_path/Frameworks",
					"@loader_path/Frameworks",
				);
				PRODUCT_BUNDLE_IDENTIFIER = hydesapps.ActivityListTests;
				PRODUCT_NAME = "$(TARGET_NAME)";
				SWIFT_VERSION = 4.0;
				TARGETED_DEVICE_FAMILY = "1,2";
				TEST_HOST = "$(BUILT_PRODUCTS_DIR)/ActivityList.app/ActivityList";
			};
			name = Release;
		};
		BF1236FD20D194EF0035A2A4 /* Debug */ = {
			isa = XCBuildConfiguration;
			buildSettings = {
				ALWAYS_EMBED_SWIFT_STANDARD_LIBRARIES = YES;
				CODE_SIGN_STYLE = Automatic;
				DEVELOPMENT_TEAM = RUHKZ8393A;
				INFOPLIST_FILE = ActivityListUITests/Info.plist;
				LD_RUNPATH_SEARCH_PATHS = (
					"$(inherited)",
					"@executable_path/Frameworks",
					"@loader_path/Frameworks",
				);
				PRODUCT_BUNDLE_IDENTIFIER = hydesapps.ActivityListUITests;
				PRODUCT_NAME = "$(TARGET_NAME)";
				SWIFT_VERSION = 4.0;
				TARGETED_DEVICE_FAMILY = "1,2";
				TEST_TARGET_NAME = ActivityList;
			};
			name = Debug;
		};
		BF1236FE20D194EF0035A2A4 /* Release */ = {
			isa = XCBuildConfiguration;
			buildSettings = {
				ALWAYS_EMBED_SWIFT_STANDARD_LIBRARIES = YES;
				CODE_SIGN_STYLE = Automatic;
				DEVELOPMENT_TEAM = RUHKZ8393A;
				INFOPLIST_FILE = ActivityListUITests/Info.plist;
				LD_RUNPATH_SEARCH_PATHS = (
					"$(inherited)",
					"@executable_path/Frameworks",
					"@loader_path/Frameworks",
				);
				PRODUCT_BUNDLE_IDENTIFIER = hydesapps.ActivityListUITests;
				PRODUCT_NAME = "$(TARGET_NAME)";
				SWIFT_VERSION = 4.0;
				TARGETED_DEVICE_FAMILY = "1,2";
				TEST_TARGET_NAME = ActivityList;
			};
			name = Release;
		};
/* End XCBuildConfiguration section */

/* Begin XCConfigurationList section */
		BF1236C620D194EE0035A2A4 /* Build configuration list for PBXProject "ActivityList" */ = {
			isa = XCConfigurationList;
			buildConfigurations = (
				BF1236F420D194EF0035A2A4 /* Debug */,
				BF1236F520D194EF0035A2A4 /* Release */,
			);
			defaultConfigurationIsVisible = 0;
			defaultConfigurationName = Release;
		};
		BF1236F620D194EF0035A2A4 /* Build configuration list for PBXNativeTarget "ActivityList" */ = {
			isa = XCConfigurationList;
			buildConfigurations = (
				BF1236F720D194EF0035A2A4 /* Debug */,
				BF1236F820D194EF0035A2A4 /* Release */,
			);
			defaultConfigurationIsVisible = 0;
			defaultConfigurationName = Release;
		};
		BF1236F920D194EF0035A2A4 /* Build configuration list for PBXNativeTarget "ActivityListTests" */ = {
			isa = XCConfigurationList;
			buildConfigurations = (
				BF1236FA20D194EF0035A2A4 /* Debug */,
				BF1236FB20D194EF0035A2A4 /* Release */,
			);
			defaultConfigurationIsVisible = 0;
			defaultConfigurationName = Release;
		};
		BF1236FC20D194EF0035A2A4 /* Build configuration list for PBXNativeTarget "ActivityListUITests" */ = {
			isa = XCConfigurationList;
			buildConfigurations = (
				BF1236FD20D194EF0035A2A4 /* Debug */,
				BF1236FE20D194EF0035A2A4 /* Release */,
			);
			defaultConfigurationIsVisible = 0;
			defaultConfigurationName = Release;
		};
/* End XCConfigurationList section */

/* Begin XCVersionGroup section */
		BF1236D520D194EE0035A2A4 /* ActivityList.xcdatamodeld */ = {
			isa = XCVersionGroup;
			children = (
				BF1236D620D194EE0035A2A4 /* ActivityList.xcdatamodel */,
			);
			currentVersion = BF1236D620D194EE0035A2A4 /* ActivityList.xcdatamodel */;
			path = ActivityList.xcdatamodeld;
			sourceTree = "<group>";
			versionGroupType = wrapper.xcdatamodel;
		};
/* End XCVersionGroup section */
	};
	rootObject = BF1236C320D194EE0035A2A4 /* Project object */;
}
